
Microsoft Visual Studio Solution File, Format Version 12.00
# Visual Studio Version 17
VisualStudioVersion = 17.0.32014.148
MinimumVisualStudioVersion = 10.0.40219.1
Project("{2150E333-8FDC-42A3-9474-1A3956D46DE8}") = "Solution Items", "Solution Items", "{3612AD70-E077-4AB3-BDDC-A8E22C92B18C}"
	ProjectSection(SolutionItems) = preProject
		.editorconfig = .editorconfig
		Directory.Build.props = Directory.Build.props
		Directory.Build.targets = Directory.Build.targets
		Directory.Packages.props = Directory.Packages.props
	EndProjectSection
EndProject
Project("{FAE04EC0-301F-11D3-BF4B-00C04F79EFBC}") = "OpenVision.Core", "src\OpenVision.Core\OpenVision.Core.csproj", "{B0B2D4A9-3AAD-4555-8628-A391A350B140}"
EndProject
Project("{FAE04EC0-301F-11D3-BF4B-00C04F79EFBC}") = "OpenVision.Shared", "src\OpenVision.Shared\OpenVision.Shared.csproj", "{2712E90D-3CD9-4BF5-96A1-07236D77436C}"
EndProject
Project("{FAE04EC0-301F-11D3-BF4B-00C04F79EFBC}") = "OpenVision.WinUI", "src\OpenVision.WinUI\OpenVision.WinUI.csproj", "{A337F553-2ECC-41B2-BF34-FDA35AFB0D0A}"
EndProject
Project("{FAE04EC0-301F-11D3-BF4B-00C04F79EFBC}") = "OpenVision.Wpf", "src\OpenVision.Wpf\OpenVision.Wpf.csproj", "{792662CC-3E64-4430-8EB4-B23CF0C26E58}"
EndProject
Project("{FAE04EC0-301F-11D3-BF4B-00C04F79EFBC}") = "OpenVision.Maui", "src\OpenVision.Maui\OpenVision.Maui.csproj", "{22B3A568-70E8-4C81-B2FB-F8A6F5C47206}"
EndProject
Project("{FAE04EC0-301F-11D3-BF4B-00C04F79EFBC}") = "OpenVision.Api.Auth", "src\OpenVision.Api.Auth\OpenVision.Api.Auth.csproj", "{040B80C6-C715-43CC-8035-4FF9514FE905}"
EndProject
Project("{FAE04EC0-301F-11D3-BF4B-00C04F79EFBC}") = "OpenVision.Api.Core", "src\OpenVision.Api.Core\OpenVision.Api.Core.csproj", "{30EA4397-B02A-44F1-BA5E-305438404BFC}"
EndProject
Project("{FAE04EC0-301F-11D3-BF4B-00C04F79EFBC}") = "OpenVision.Api.Target", "src\OpenVision.Api.Target\OpenVision.Api.Target.csproj", "{06E8AAE6-C9EA-4A1C-AEA2-F1BA2FC25351}"
EndProject
Project("{FAE04EC0-301F-11D3-BF4B-00C04F79EFBC}") = "OpenVision.Client.Core", "src\OpenVision.Client.Core\OpenVision.Client.Core.csproj", "{A5D7A602-E843-4635-87F1-202520586500}"
EndProject
Project("{FAE04EC0-301F-11D3-BF4B-00C04F79EFBC}") = "OpenVision.Server.Core", "src\OpenVision.Server.Core\OpenVision.Server.Core.csproj", "{9CE2E6C4-1D44-4704-B9A6-E74E5C62B92E}"
EndProject
Project("{FAE04EC0-301F-11D3-BF4B-00C04F79EFBC}") = "OpenVision.Server.EntityFramework", "src\OpenVision.Server.EntityFramework\OpenVision.Server.EntityFramework.csproj", "{6C397B3C-8406-4879-AD9C-E59DFCDC3CA2}"
EndProject
Project("{FAE04EC0-301F-11D3-BF4B-00C04F79EFBC}") = "OpenVision.Server.EntityFramework.MySql", "src\OpenVision.Server.EntityFramework.MySql\OpenVision.Server.EntityFramework.MySql.csproj", "{F669AF6A-42D4-4330-812B-A49EB8773FD8}"
EndProject
Project("{FAE04EC0-301F-11D3-BF4B-00C04F79EFBC}") = "OpenVision.Server.EntityFramework.PostgreSQL", "src\OpenVision.Server.EntityFramework.PostgreSQL\OpenVision.Server.EntityFramework.PostgreSQL.csproj", "{92F8F0A3-1657-4C02-A23C-AFBCDCB96C97}"
EndProject
Project("{FAE04EC0-301F-11D3-BF4B-00C04F79EFBC}") = "OpenVision.Server.EntityFramework.SqlServer", "src\OpenVision.Server.EntityFramework.SqlServer\OpenVision.Server.EntityFramework.SqlServer.csproj", "{2FD84724-9764-4656-BEC6-3D03E36BE9F2}"
EndProject
Project("{FAE04EC0-301F-11D3-BF4B-00C04F79EFBC}") = "OpenVision.Web.Core", "src\OpenVision.Web.Core\OpenVision.Web.Core.csproj", "{C953DBD7-A5CA-412E-9F67-AD9FF250E834}"
EndProject
Project("{FAE04EC0-301F-11D3-BF4B-00C04F79EFBC}") = "OpenVision.Web.ServiceDefaults", "src\OpenVision.Web.ServiceDefaults\OpenVision.Web.ServiceDefaults.csproj", "{FD779855-5737-4B07-BA6D-998748F6EAD2}"
EndProject
Global
	GlobalSection(SolutionConfigurationPlatforms) = preSolution
		Debug|Any CPU = Debug|Any CPU
		Release|Any CPU = Release|Any CPU
	EndGlobalSection
	GlobalSection(ProjectConfigurationPlatforms) = postSolution
		{B0B2D4A9-3AAD-4555-8628-A391A350B140}.Debug|Any CPU.ActiveCfg = Debug|Any CPU
		{B0B2D4A9-3AAD-4555-8628-A391A350B140}.Debug|Any CPU.Build.0 = Debug|Any CPU
		{B0B2D4A9-3AAD-4555-8628-A391A350B140}.Release|Any CPU.ActiveCfg = Release|Any CPU
		{B0B2D4A9-3AAD-4555-8628-A391A350B140}.Release|Any CPU.Build.0 = Release|Any CPU
		{2712E90D-3CD9-4BF5-96A1-07236D77436C}.Debug|Any CPU.ActiveCfg = Debug|Any CPU
		{2712E90D-3CD9-4BF5-96A1-07236D77436C}.Debug|Any CPU.Build.0 = Debug|Any CPU
		{2712E90D-3CD9-4BF5-96A1-07236D77436C}.Release|Any CPU.ActiveCfg = Release|Any CPU
		{2712E90D-3CD9-4BF5-96A1-07236D77436C}.Release|Any CPU.Build.0 = Release|Any CPU
		{A337F553-2ECC-41B2-BF34-FDA35AFB0D0A}.Debug|Any CPU.ActiveCfg = Debug|Any CPU
		{A337F553-2ECC-41B2-BF34-FDA35AFB0D0A}.Debug|Any CPU.Build.0 = Debug|Any CPU
		{A337F553-2ECC-41B2-BF34-FDA35AFB0D0A}.Release|Any CPU.ActiveCfg = Release|Any CPU
		{A337F553-2ECC-41B2-BF34-FDA35AFB0D0A}.Release|Any CPU.Build.0 = Release|Any CPU
		{792662CC-3E64-4430-8EB4-B23CF0C26E58}.Debug|Any CPU.ActiveCfg = Debug|Any CPU
		{792662CC-3E64-4430-8EB4-B23CF0C26E58}.Debug|Any CPU.Build.0 = Debug|Any CPU
		{792662CC-3E64-4430-8EB4-B23CF0C26E58}.Release|Any CPU.ActiveCfg = Release|Any CPU
		{792662CC-3E64-4430-8EB4-B23CF0C26E58}.Release|Any CPU.Build.0 = Release|Any CPU
		{22B3A568-70E8-4C81-B2FB-F8A6F5C47206}.Debug|Any CPU.ActiveCfg = Debug|Any CPU
		{22B3A568-70E8-4C81-B2FB-F8A6F5C47206}.Debug|Any CPU.Build.0 = Debug|Any CPU
		{22B3A568-70E8-4C81-B2FB-F8A6F5C47206}.Release|Any CPU.ActiveCfg = Release|Any CPU
		{22B3A568-70E8-4C81-B2FB-F8A6F5C47206}.Release|Any CPU.Build.0 = Release|Any CPU
		{040B80C6-C715-43CC-8035-4FF9514FE905}.Debug|Any CPU.ActiveCfg = Debug|Any CPU
		{040B80C6-C715-43CC-8035-4FF9514FE905}.Debug|Any CPU.Build.0 = Debug|Any CPU
		{040B80C6-C715-43CC-8035-4FF9514FE905}.Release|Any CPU.ActiveCfg = Release|Any CPU
		{040B80C6-C715-43CC-8035-4FF9514FE905}.Release|Any CPU.Build.0 = Release|Any CPU
		{30EA4397-B02A-44F1-BA5E-305438404BFC}.Debug|Any CPU.ActiveCfg = Debug|Any CPU
		{30EA4397-B02A-44F1-BA5E-305438404BFC}.Debug|Any CPU.Build.0 = Debug|Any CPU
		{30EA4397-B02A-44F1-BA5E-305438404BFC}.Release|Any CPU.ActiveCfg = Release|Any CPU
		{30EA4397-B02A-44F1-BA5E-305438404BFC}.Release|Any CPU.Build.0 = Release|Any CPU
		{06E8AAE6-C9EA-4A1C-AEA2-F1BA2FC25351}.Debug|Any CPU.ActiveCfg = Debug|Any CPU
		{06E8AAE6-C9EA-4A1C-AEA2-F1BA2FC25351}.Debug|Any CPU.Build.0 = Debug|Any CPU
		{06E8AAE6-C9EA-4A1C-AEA2-F1BA2FC25351}.Release|Any CPU.ActiveCfg = Release|Any CPU
		{06E8AAE6-C9EA-4A1C-AEA2-F1BA2FC25351}.Release|Any CPU.Build.0 = Release|Any CPU
		{A5D7A602-E843-4635-87F1-202520586500}.Debug|Any CPU.ActiveCfg = Debug|Any CPU
		{A5D7A602-E843-4635-87F1-202520586500}.Debug|Any CPU.Build.0 = Debug|Any CPU
		{A5D7A602-E843-4635-87F1-202520586500}.Release|Any CPU.ActiveCfg = Release|Any CPU
		{A5D7A602-E843-4635-87F1-202520586500}.Release|Any CPU.Build.0 = Release|Any CPU
		{9CE2E6C4-1D44-4704-B9A6-E74E5C62B92E}.Debug|Any CPU.ActiveCfg = Debug|Any CPU
		{9CE2E6C4-1D44-4704-B9A6-E74E5C62B92E}.Debug|Any CPU.Build.0 = Debug|Any CPU
		{9CE2E6C4-1D44-4704-B9A6-E74E5C62B92E}.Release|Any CPU.ActiveCfg = Release|Any CPU
		{9CE2E6C4-1D44-4704-B9A6-E74E5C62B92E}.Release|Any CPU.Build.0 = Release|Any CPU
		{6C397B3C-8406-4879-AD9C-E59DFCDC3CA2}.Debug|Any CPU.ActiveCfg = Debug|Any CPU
		{6C397B3C-8406-4879-AD9C-E59DFCDC3CA2}.Debug|Any CPU.Build.0 = Debug|Any CPU
		{6C397B3C-8406-4879-AD9C-E59DFCDC3CA2}.Release|Any CPU.ActiveCfg = Release|Any CPU
		{6C397B3C-8406-4879-AD9C-E59DFCDC3CA2}.Release|Any CPU.Build.0 = Release|Any CPU
		{F669AF6A-42D4-4330-812B-A49EB8773FD8}.Debug|Any CPU.ActiveCfg = Debug|Any CPU
		{F669AF6A-42D4-4330-812B-A49EB8773FD8}.Debug|Any CPU.Build.0 = Debug|Any CPU
		{F669AF6A-42D4-4330-812B-A49EB8773FD8}.Release|Any CPU.ActiveCfg = Release|Any CPU
		{F669AF6A-42D4-4330-812B-A49EB8773FD8}.Release|Any CPU.Build.0 = Release|Any CPU
		{92F8F0A3-1657-4C02-A23C-AFBCDCB96C97}.Debug|Any CPU.ActiveCfg = Debug|Any CPU
		{92F8F0A3-1657-4C02-A23C-AFBCDCB96C97}.Debug|Any CPU.Build.0 = Debug|Any CPU
		{92F8F0A3-1657-4C02-A23C-AFBCDCB96C97}.Release|Any CPU.ActiveCfg = Release|Any CPU
		{92F8F0A3-1657-4C02-A23C-AFBCDCB96C97}.Release|Any CPU.Build.0 = Release|Any CPU
		{2FD84724-9764-4656-BEC6-3D03E36BE9F2}.Debug|Any CPU.ActiveCfg = Debug|Any CPU
		{2FD84724-9764-4656-BEC6-3D03E36BE9F2}.Debug|Any CPU.Build.0 = Debug|Any CPU
		{2FD84724-9764-4656-BEC6-3D03E36BE9F2}.Release|Any CPU.ActiveCfg = Release|Any CPU
		{2FD84724-9764-4656-BEC6-3D03E36BE9F2}.Release|Any CPU.Build.0 = Release|Any CPU
		{C953DBD7-A5CA-412E-9F67-AD9FF250E834}.Debug|Any CPU.ActiveCfg = Debug|Any CPU
		{C953DBD7-A5CA-412E-9F67-AD9FF250E834}.Debug|Any CPU.Build.0 = Debug|Any CPU
		{C953DBD7-A5CA-412E-9F67-AD9FF250E834}.Release|Any CPU.ActiveCfg = Release|Any CPU
		{C953DBD7-A5CA-412E-9F67-AD9FF250E834}.Release|Any CPU.Build.0 = Release|Any CPU
		{FD779855-5737-4B07-BA6D-998748F6EAD2}.Debug|Any CPU.ActiveCfg = Debug|Any CPU
		{FD779855-5737-4B07-BA6D-998748F6EAD2}.Debug|Any CPU.Build.0 = Debug|Any CPU
		{FD779855-5737-4B07-BA6D-998748F6EAD2}.Release|Any CPU.ActiveCfg = Release|Any CPU
		{FD779855-5737-4B07-BA6D-998748F6EAD2}.Release|Any CPU.Build.0 = Release|Any CPU
	EndGlobalSection
	GlobalSection(SolutionProperties) = preSolution
		HideSolutionNode = FALSE
	EndGlobalSection
	GlobalSection(ExtensibilityGlobals) = postSolution
		SolutionGuid = {75828022-2EA1-4FF7-A854-415715677230}
	EndGlobalSection
EndGlobal
