
Microsoft Visual Studio Solution File, Format Version 12.00
# Visual Studio Version 17
VisualStudioVersion = 17.0.32014.148
MinimumVisualStudioVersion = 10.0.40219.1
Project("{FAE04EC0-301F-11D3-BF4B-00C04F79EFBC}") = "OpenVision.Aspire.AppHost", "src\OpenVision.Aspire.AppHost\OpenVision.Aspire.AppHost.csproj", "{101A0B1B-135D-4400-88CA-21839737CE1F}"
EndProject
Project("{FAE04EC0-301F-11D3-BF4B-00C04F79EFBC}") = "OpenVision.Client", "src\OpenVision.Client\OpenVision.Client.csproj", "{A476F585-89CC-4B13-A66B-8B937B0F0D53}"
EndProject
Project("{FAE04EC0-301F-11D3-BF4B-00C04F79EFBC}") = "OpenVision.Server", "src\OpenVision.Server\OpenVision.Server.csproj", "{7369E2C7-B0E5-4DD5-926D-FA32C599BCD5}"
EndProject
Project("{E53339B2-1760-4266-BCC7-CA923CBCF16C}") = "docker-compose", "docker-compose.dcproj", "{3E964BF1-A41E-4CFD-8952-D787B7127971}"
EndProject
Project("{FAE04EC0-301F-11D3-BF4B-00C04F79EFBC}") = "OpenVision.ServiceDefaults", "src\OpenVision.ServiceDefaults\OpenVision.ServiceDefaults.csproj", "{0FD59B2D-D655-C30A-B171-12134AA2CCE5}"
EndProject
Project("{FAE04EC0-301F-11D3-BF4B-00C04F79EFBC}") = "OpenVision.IdentityServer.Admin", "src\OpenVision.IdentityServer.Admin\OpenVision.IdentityServer.Admin.csproj", "{2F250307-8705-CF9E-0D06-492AF96FD3E5}"
EndProject
Project("{FAE04EC0-301F-11D3-BF4B-00C04F79EFBC}") = "OpenVision.IdentityServer.Admin.Api", "src\OpenVision.IdentityServer.Admin.Api\OpenVision.IdentityServer.Admin.Api.csproj", "{DB6F6452-1945-8903-09BE-3C3D8823D34F}"
EndProject
Project("{FAE04EC0-301F-11D3-BF4B-00C04F79EFBC}") = "OpenVision.IdentityServer.Admin.EntityFramework.MySql", "src\OpenVision.IdentityServer.Admin.EntityFramework.MySql\OpenVision.IdentityServer.Admin.EntityFramework.MySql.csproj", "{C6798A55-F447-5846-9DE1-80E07DA5E68D}"
EndProject
Project("{FAE04EC0-301F-11D3-BF4B-00C04F79EFBC}") = "OpenVision.IdentityServer.Admin.EntityFramework.PostgreSQL", "src\OpenVision.IdentityServer.Admin.EntityFramework.PostgreSQL\OpenVision.IdentityServer.Admin.EntityFramework.PostgreSQL.csproj", "{0221CB85-9592-1D91-A8C0-63E397F6DB49}"
EndProject
Project("{FAE04EC0-301F-11D3-BF4B-00C04F79EFBC}") = "OpenVision.IdentityServer.Admin.EntityFramework.Shared", "src\OpenVision.IdentityServer.Admin.EntityFramework.Shared\OpenVision.IdentityServer.Admin.EntityFramework.Shared.csproj", "{843DFDD7-EC05-9737-AD82-AD61D17F448A}"
EndProject
Project("{FAE04EC0-301F-11D3-BF4B-00C04F79EFBC}") = "OpenVision.IdentityServer.Admin.EntityFramework.SqlServer", "src\OpenVision.IdentityServer.Admin.EntityFramework.SqlServer\OpenVision.IdentityServer.Admin.EntityFramework.SqlServer.csproj", "{FF6B404A-2A57-9749-9F84-3F9C088C1C2D}"
EndProject
Project("{FAE04EC0-301F-11D3-BF4B-00C04F79EFBC}") = "OpenVision.IdentityServer.Shared", "src\OpenVision.IdentityServer.Shared\OpenVision.IdentityServer.Shared.csproj", "{67D1C3BF-A80A-81B7-A4A1-729AC5B5AC39}"
EndProject
Project("{FAE04EC0-301F-11D3-BF4B-00C04F79EFBC}") = "OpenVision.IdentityServer.STS.Identity", "src\OpenVision.IdentityServer.STS.Identity\OpenVision.IdentityServer.STS.Identity.csproj", "{061E4071-DA20-1D60-C732-9EA1CB924B47}"
EndProject
Global
	GlobalSection(SolutionConfigurationPlatforms) = preSolution
		Debug|Any CPU = Debug|Any CPU
		Release|Any CPU = Release|Any CPU
	EndGlobalSection
	GlobalSection(ProjectConfigurationPlatforms) = postSolution
		{101A0B1B-135D-4400-88CA-21839737CE1F}.Debug|Any CPU.ActiveCfg = Debug|Any CPU
		{101A0B1B-135D-4400-88CA-21839737CE1F}.Debug|Any CPU.Build.0 = Debug|Any CPU
		{101A0B1B-135D-4400-88CA-21839737CE1F}.Release|Any CPU.ActiveCfg = Release|Any CPU
		{101A0B1B-135D-4400-88CA-21839737CE1F}.Release|Any CPU.Build.0 = Release|Any CPU
		{A476F585-89CC-4B13-A66B-8B937B0F0D53}.Debug|Any CPU.ActiveCfg = Debug|Any CPU
		{A476F585-89CC-4B13-A66B-8B937B0F0D53}.Debug|Any CPU.Build.0 = Debug|Any CPU
		{A476F585-89CC-4B13-A66B-8B937B0F0D53}.Release|Any CPU.ActiveCfg = Release|Any CPU
		{A476F585-89CC-4B13-A66B-8B937B0F0D53}.Release|Any CPU.Build.0 = Release|Any CPU
		{7369E2C7-B0E5-4DD5-926D-FA32C599BCD5}.Debug|Any CPU.ActiveCfg = Debug|Any CPU
		{7369E2C7-B0E5-4DD5-926D-FA32C599BCD5}.Debug|Any CPU.Build.0 = Debug|Any CPU
		{7369E2C7-B0E5-4DD5-926D-FA32C599BCD5}.Release|Any CPU.ActiveCfg = Release|Any CPU
		{7369E2C7-B0E5-4DD5-926D-FA32C599BCD5}.Release|Any CPU.Build.0 = Release|Any CPU
		{3E964BF1-A41E-4CFD-8952-D787B7127971}.Debug|Any CPU.ActiveCfg = Debug|Any CPU
		{3E964BF1-A41E-4CFD-8952-D787B7127971}.Debug|Any CPU.Build.0 = Debug|Any CPU
		{3E964BF1-A41E-4CFD-8952-D787B7127971}.Release|Any CPU.ActiveCfg = Release|Any CPU
		{3E964BF1-A41E-4CFD-8952-D787B7127971}.Release|Any CPU.Build.0 = Release|Any CPU
		{0FD59B2D-D655-C30A-B171-12134AA2CCE5}.Debug|Any CPU.ActiveCfg = Debug|Any CPU
		{0FD59B2D-D655-C30A-B171-12134AA2CCE5}.Debug|Any CPU.Build.0 = Debug|Any CPU
		{0FD59B2D-D655-C30A-B171-12134AA2CCE5}.Release|Any CPU.ActiveCfg = Release|Any CPU
		{0FD59B2D-D655-C30A-B171-12134AA2CCE5}.Release|Any CPU.Build.0 = Release|Any CPU
		{2F250307-8705-CF9E-0D06-492AF96FD3E5}.Debug|Any CPU.ActiveCfg = Debug|Any CPU
		{2F250307-8705-CF9E-0D06-492AF96FD3E5}.Debug|Any CPU.Build.0 = Debug|Any CPU
		{2F250307-8705-CF9E-0D06-492AF96FD3E5}.Release|Any CPU.ActiveCfg = Release|Any CPU
		{2F250307-8705-CF9E-0D06-492AF96FD3E5}.Release|Any CPU.Build.0 = Release|Any CPU
		{DB6F6452-1945-8903-09BE-3C3D8823D34F}.Debug|Any CPU.ActiveCfg = Debug|Any CPU
		{DB6F6452-1945-8903-09BE-3C3D8823D34F}.Debug|Any CPU.Build.0 = Debug|Any CPU
		{DB6F6452-1945-8903-09BE-3C3D8823D34F}.Release|Any CPU.ActiveCfg = Release|Any CPU
		{DB6F6452-1945-8903-09BE-3C3D8823D34F}.Release|Any CPU.Build.0 = Release|Any CPU
		{C6798A55-F447-5846-9DE1-80E07DA5E68D}.Debug|Any CPU.ActiveCfg = Debug|Any CPU
		{C6798A55-F447-5846-9DE1-80E07DA5E68D}.Debug|Any CPU.Build.0 = Debug|Any CPU
		{C6798A55-F447-5846-9DE1-80E07DA5E68D}.Release|Any CPU.ActiveCfg = Release|Any CPU
		{C6798A55-F447-5846-9DE1-80E07DA5E68D}.Release|Any CPU.Build.0 = Release|Any CPU
		{0221CB85-9592-1D91-A8C0-63E397F6DB49}.Debug|Any CPU.ActiveCfg = Debug|Any CPU
		{0221CB85-9592-1D91-A8C0-63E397F6DB49}.Debug|Any CPU.Build.0 = Debug|Any CPU
		{0221CB85-9592-1D91-A8C0-63E397F6DB49}.Release|Any CPU.ActiveCfg = Release|Any CPU
		{0221CB85-9592-1D91-A8C0-63E397F6DB49}.Release|Any CPU.Build.0 = Release|Any CPU
		{843DFDD7-EC05-9737-AD82-AD61D17F448A}.Debug|Any CPU.ActiveCfg = Debug|Any CPU
		{843DFDD7-EC05-9737-AD82-AD61D17F448A}.Debug|Any CPU.Build.0 = Debug|Any CPU
		{843DFDD7-EC05-9737-AD82-AD61D17F448A}.Release|Any CPU.ActiveCfg = Release|Any CPU
		{843DFDD7-EC05-9737-AD82-AD61D17F448A}.Release|Any CPU.Build.0 = Release|Any CPU
		{FF6B404A-2A57-9749-9F84-3F9C088C1C2D}.Debug|Any CPU.ActiveCfg = Debug|Any CPU
		{FF6B404A-2A57-9749-9F84-3F9C088C1C2D}.Debug|Any CPU.Build.0 = Debug|Any CPU
		{FF6B404A-2A57-9749-9F84-3F9C088C1C2D}.Release|Any CPU.ActiveCfg = Release|Any CPU
		{FF6B404A-2A57-9749-9F84-3F9C088C1C2D}.Release|Any CPU.Build.0 = Release|Any CPU
		{67D1C3BF-A80A-81B7-A4A1-729AC5B5AC39}.Debug|Any CPU.ActiveCfg = Debug|Any CPU
		{67D1C3BF-A80A-81B7-A4A1-729AC5B5AC39}.Debug|Any CPU.Build.0 = Debug|Any CPU
		{67D1C3BF-A80A-81B7-A4A1-729AC5B5AC39}.Release|Any CPU.ActiveCfg = Release|Any CPU
		{67D1C3BF-A80A-81B7-A4A1-729AC5B5AC39}.Release|Any CPU.Build.0 = Release|Any CPU
		{061E4071-DA20-1D60-C732-9EA1CB924B47}.Debug|Any CPU.ActiveCfg = Debug|Any CPU
		{061E4071-DA20-1D60-C732-9EA1CB924B47}.Debug|Any CPU.Build.0 = Debug|Any CPU
		{061E4071-DA20-1D60-C732-9EA1CB924B47}.Release|Any CPU.ActiveCfg = Release|Any CPU
		{061E4071-DA20-1D60-C732-9EA1CB924B47}.Release|Any CPU.Build.0 = Release|Any CPU
	EndGlobalSection
	GlobalSection(SolutionProperties) = preSolution
		HideSolutionNode = FALSE
	EndGlobalSection
	GlobalSection(ExtensibilityGlobals) = postSolution
		SolutionGuid = {75828022-2EA1-4FF7-A854-415715677230}
	EndGlobalSection
EndGlobal
